
Microsoft Visual Studio Solution File, Format Version 12.00
# Visual Studio Version 17
VisualStudioVersion = 17.0.31903.59
MinimumVisualStudioVersion = 10.0.40219.1
Project("{FAE04EC0-301F-11D3-BF4B-00C04F79EFBC}") = "SFA.DAS.Payments.AcceptanceTests.Components.Core", "SFA.DAS.Payments.AcceptanceTests.Components.Core\SFA.DAS.Payments.AcceptanceTests.Components.Core.csproj", "{EA528342-CA70-4A00-A34B-6CE156633AD1}"
EndProject
Project("{FAE04EC0-301F-11D3-BF4B-00C04F79EFBC}") = "SFA.DAS.Payments.AcceptanceTests.Core", "SFA.DAS.Payments.AcceptanceTests.Core\SFA.DAS.Payments.AcceptanceTests.Core.csproj", "{0F0BEB68-7F9F-4D39-B85A-3FE7701BB6CC}"
EndProject
Project("{FAE04EC0-301F-11D3-BF4B-00C04F79EFBC}") = "SFA.DAS.Payments.AcceptanceTests.Services", "SFA.DAS.Payments.AcceptanceTests.Services\SFA.DAS.Payments.AcceptanceTests.Services.csproj", "{47866F25-5B23-42B1-B0D1-BA9A9B5CDDB8}"
EndProject
Project("{FAE04EC0-301F-11D3-BF4B-00C04F79EFBC}") = "SFA.DAS.Payments.Tests.Core", "SFA.DAS.Payments.Tests.Core\SFA.DAS.Payments.Tests.Core.csproj", "{64B5C1EB-36A9-4A56-AD6B-B70C90FC23D7}"
EndProject
Global
	GlobalSection(SolutionConfigurationPlatforms) = preSolution
		Debug|Any CPU = Debug|Any CPU
		Release|Any CPU = Release|Any CPU
	EndGlobalSection
	GlobalSection(SolutionProperties) = preSolution
		HideSolutionNode = FALSE
	EndGlobalSection
	GlobalSection(ProjectConfigurationPlatforms) = postSolution
		{EA528342-CA70-4A00-A34B-6CE156633AD1}.Debug|Any CPU.ActiveCfg = Debug|Any CPU
		{EA528342-CA70-4A00-A34B-6CE156633AD1}.Debug|Any CPU.Build.0 = Debug|Any CPU
		{EA528342-CA70-4A00-A34B-6CE156633AD1}.Release|Any CPU.ActiveCfg = Release|Any CPU
		{EA528342-CA70-4A00-A34B-6CE156633AD1}.Release|Any CPU.Build.0 = Release|Any CPU
		{0F0BEB68-7F9F-4D39-B85A-3FE7701BB6CC}.Debug|Any CPU.ActiveCfg = Debug|Any CPU
		{0F0BEB68-7F9F-4D39-B85A-3FE7701BB6CC}.Debug|Any CPU.Build.0 = Debug|Any CPU
		{0F0BEB68-7F9F-4D39-B85A-3FE7701BB6CC}.Release|Any CPU.ActiveCfg = Release|Any CPU
		{0F0BEB68-7F9F-4D39-B85A-3FE7701BB6CC}.Release|Any CPU.Build.0 = Release|Any CPU
		{47866F25-5B23-42B1-B0D1-BA9A9B5CDDB8}.Debug|Any CPU.ActiveCfg = Debug|Any CPU
		{47866F25-5B23-42B1-B0D1-BA9A9B5CDDB8}.Debug|Any CPU.Build.0 = Debug|Any CPU
		{47866F25-5B23-42B1-B0D1-BA9A9B5CDDB8}.Release|Any CPU.ActiveCfg = Release|Any CPU
		{47866F25-5B23-42B1-B0D1-BA9A9B5CDDB8}.Release|Any CPU.Build.0 = Release|Any CPU
		{64B5C1EB-36A9-4A56-AD6B-B70C90FC23D7}.Debug|Any CPU.ActiveCfg = Debug|Any CPU
		{64B5C1EB-36A9-4A56-AD6B-B70C90FC23D7}.Debug|Any CPU.Build.0 = Debug|Any CPU
		{64B5C1EB-36A9-4A56-AD6B-B70C90FC23D7}.Release|Any CPU.ActiveCfg = Release|Any CPU
		{64B5C1EB-36A9-4A56-AD6B-B70C90FC23D7}.Release|Any CPU.Build.0 = Release|Any CPU
	EndGlobalSection
EndGlobal
